
Microsoft Visual Studio Solution File, Format Version 12.00
# Visual Studio Version 17
VisualStudioVersion = 17.9.34714.143
MinimumVisualStudioVersion = 10.0.40219.1
Project("{9A19103F-16F7-4668-BE54-9A1E7A4F7556}") = "PenguinCatcher", "PenguinCatcher\PenguinCatcher.csproj", "{28ADAA3E-5EE0-4E5D-AA40-833E54E1693C}"
EndProject
Global
	GlobalSection(SolutionConfigurationPlatforms) = preSolution
		Debug|Any CPU = Debug|Any CPU
		Release|Any CPU = Release|Any CPU
	EndGlobalSection
	GlobalSection(ProjectConfigurationPlatforms) = postSolution
		{28ADAA3E-5EE0-4E5D-AA40-833E54E1693C}.Debug|Any CPU.ActiveCfg = Debug|Any CPU
		{28ADAA3E-5EE0-4E5D-AA40-833E54E1693C}.Debug|Any CPU.Build.0 = Debug|Any CPU
		{28ADAA3E-5EE0-4E5D-AA40-833E54E1693C}.Release|Any CPU.ActiveCfg = Release|Any CPU
		{28ADAA3E-5EE0-4E5D-AA40-833E54E1693C}.Release|Any CPU.Build.0 = Release|Any CPU
	EndGlobalSection
	GlobalSection(SolutionProperties) = preSolution
		HideSolutionNode = FALSE
	EndGlobalSection
	GlobalSection(ExtensibilityGlobals) = postSolution
		SolutionGuid = {18672875-C213-4791-9F87-50FE281D9F81}
	EndGlobalSection
EndGlobal
